<?xml version="1.0" encoding="utf-8"?>
<Project ToolsVersion="4.0" xmlns="http://schemas.microsoft.com/developer/msbuild/2003">
  <ItemGroup>
    <Filter Include="소스 파일">
      <UniqueIdentifier>{4FC737F1-C7A5-4376-A066-2A32D752A2FF}</UniqueIdentifier>
      <Extensions>cpp;c;cc;cxx;def;odl;idl;hpj;bat;asm;asmx</Extensions>
    </Filter>
    <Filter Include="헤더 파일">
      <UniqueIdentifier>{93995380-89BD-4b04-88EB-625FBE52EBFB}</UniqueIdentifier>
      <Extensions>h;hh;hpp;hxx;hm;inl;inc;ipp;xsd</Extensions>
    </Filter>
    <Filter Include="리소스 파일">
      <UniqueIdentifier>{67DA6AB6-F800-4c08-8B7A-83BB121AAD01}</UniqueIdentifier>
      <Extensions>rc;ico;cur;bmp;dlg;rc2;rct;bin;rgs;gif;jpg;jpeg;jpe;resx;tiff;tif;png;wav;mfcribbon-ms</Extensions>
    </Filter>
    <Filter Include="소스 파일\비용">
      <UniqueIdentifier>{b9b39305-a671-4a24-8fa3-a47b7333e88f}</UniqueIdentifier>
    </Filter>
    <Filter Include="소스 파일\제어">
      <UniqueIdentifier>{ab28e715-9ca9-46ce-bea7-0d178270a0bc}</UniqueIdentifier>
    </Filter>
    <Filter Include="소스 파일\메인">
      <UniqueIdentifier>{4e232db8-38ab-4a55-88ed-efe3452b21fe}</UniqueIdentifier>
    </Filter>
    <Filter Include="소스 파일\예외처리">
      <UniqueIdentifier>{ad9a88e6-167f-4561-864e-0d890e4efd7b}</UniqueIdentifier>
    </Filter>
    <Filter Include="헤더 파일\예외">
      <UniqueIdentifier>{42b2880c-3a51-406c-a023-bdb93cca32a2}</UniqueIdentifier>
    </Filter>
    <Filter Include="헤더 파일\제어">
      <UniqueIdentifier>{40e9112c-d73f-4d02-bbcf-91f99372c103}</UniqueIdentifier>
    </Filter>
    <Filter Include="헤더 파일\비용">
      <UniqueIdentifier>{c6e13174-a80b-4b61-a9f7-1c12a26434e7}</UniqueIdentifier>
    </Filter>
    <Filter Include="헤더 파일\비용공통">
      <UniqueIdentifier>{d9df5245-3d4b-4763-97fa-ac8a513974b5}</UniqueIdentifier>
    </Filter>
    <Filter Include="헤더 파일\연결리스트">
      <UniqueIdentifier>{e9f30f62-3d77-441e-b766-2a5823f9fdb7}</UniqueIdentifier>
    </Filter>
    <Filter Include="소스 파일\연결리스트">
      <UniqueIdentifier>{cf242c28-2cc8-470a-bdfb-9a9c8668a9bb}</UniqueIdentifier>
    </Filter>
  </ItemGroup>
  <ItemGroup>
    <ClInclude Include="AccountException.h">
      <Filter>헤더 파일\예외</Filter>
    </ClInclude>
    <ClInclude Include="control.h">
      <Filter>헤더 파일\제어</Filter>
    </ClInclude>
    <ClInclude Include="ExpenseCommon.h">
      <Filter>헤더 파일\비용공통</Filter>
    </ClInclude>
    <ClInclude Include="stream.h">
      <Filter>헤더 파일\제어</Filter>
    </ClInclude>
    <ClInclude Include="library.h">
      <Filter>헤더 파일</Filter>
    </ClInclude>
    <ClInclude Include="DLinkedList.h">
      <Filter>헤더 파일\연결리스트</Filter>
    </ClInclude>
    <ClInclude Include="expense_info.h">
      <Filter>헤더 파일\비용</Filter>
    </ClInclude>
    <ClInclude Include="MenuOption.h">
      <Filter>헤더 파일</Filter>
    </ClInclude>
  </ItemGroup>
  <ItemGroup>
    <ClCompile Include="control.cpp">
      <Filter>소스 파일\제어</Filter>
    </ClCompile>
    <ClCompile Include="main.cpp">
      <Filter>소스 파일\메인</Filter>
    </ClCompile>
    <ClCompile Include="AccountExceptioncpp.cpp">
      <Filter>소스 파일\예외처리</Filter>
    </ClCompile>
    <ClCompile Include="stream.cpp">
      <Filter>소스 파일\제어</Filter>
    </ClCompile>
    <ClCompile Include="DLinkedList.cpp">
      <Filter>소스 파일\연결리스트</Filter>
    </ClCompile>
    <ClCompile Include="MenuOption.cpp">
      <Filter>소스 파일</Filter>
    </ClCompile>
    <ClCompile Include="expense_info.cpp">
      <Filter>소스 파일\비용</Filter>
    </ClCompile>
  </ItemGroup>
  <ItemGroup>
    <Text Include="UpdateMemo.txt" />
    <Text Include="2018년_가계부_TXT버전.txt" />
  </ItemGroup>
</Project>